// !$*UTF8*$!
{
	archiveVersion = 1;
	classes = {
	};
	objectVersion = 46;
	objects = {

/* Begin PBXBuildFile section */
		504E99531C9BEB0F0082E5C0 /* AppDelegate.swift in Sources */ = {isa = PBXBuildFile; fileRef = 504E99521C9BEB0F0082E5C0 /* AppDelegate.swift */; };
		504E99551C9BEB0F0082E5C0 /* ViewController.swift in Sources */ = {isa = PBXBuildFile; fileRef = 504E99541C9BEB0F0082E5C0 /* ViewController.swift */; };
		504E99581C9BEB0F0082E5C0 /* Main.storyboard in Resources */ = {isa = PBXBuildFile; fileRef = 504E99561C9BEB0F0082E5C0 /* Main.storyboard */; };
		504E995A1C9BEB0F0082E5C0 /* Images.xcassets in Resources */ = {isa = PBXBuildFile; fileRef = 504E99591C9BEB0F0082E5C0 /* Images.xcassets */; };
		504E995D1C9BEB100082E5C0 /* LaunchScreen.xib in Resources */ = {isa = PBXBuildFile; fileRef = 504E995B1C9BEB100082E5C0 /* LaunchScreen.xib */; };
		504E99691C9BEB100082E5C0 /* HomeKitPracticeZoneTests.swift in Sources */ = {isa = PBXBuildFile; fileRef = 504E99681C9BEB100082E5C0 /* HomeKitPracticeZoneTests.swift */; };
		504E99741C9BEB2A0082E5C0 /* HomeKit.framework in Frameworks */ = {isa = PBXBuildFile; fileRef = 504E99731C9BEB2A0082E5C0 /* HomeKit.framework */; };
/* End PBXBuildFile section */

/* Begin PBXContainerItemProxy section */
		504E99631C9BEB100082E5C0 /* PBXContainerItemProxy */ = {
			isa = PBXContainerItemProxy;
			containerPortal = 504E99451C9BEB0F0082E5C0 /* Project object */;
			proxyType = 1;
			remoteGlobalIDString = 504E994C1C9BEB0F0082E5C0;
			remoteInfo = HomeKitPracticeZone;
		};
/* End PBXContainerItemProxy section */

/* Begin PBXFileReference section */
		504E994D1C9BEB0F0082E5C0 /* HomeKitPracticeZone.app */ = {isa = PBXFileReference; explicitFileType = wrapper.application; includeInIndex = 0; path = HomeKitPracticeZone.app; sourceTree = BUILT_PRODUCTS_DIR; };
		504E99511C9BEB0F0082E5C0 /* Info.plist */ = {isa = PBXFileReference; lastKnownFileType = text.plist.xml; path = Info.plist; sourceTree = "<group>"; };
		504E99521C9BEB0F0082E5C0 /* AppDelegate.swift */ = {isa = PBXFileReference; lastKnownFileType = sourcecode.swift; path = AppDelegate.swift; sourceTree = "<group>"; };
		504E99541C9BEB0F0082E5C0 /* ViewController.swift */ = {isa = PBXFileReference; lastKnownFileType = sourcecode.swift; path = ViewController.swift; sourceTree = "<group>"; };
		504E99571C9BEB0F0082E5C0 /* Base */ = {isa = PBXFileReference; lastKnownFileType = file.storyboard; name = Base; path = Base.lproj/Main.storyboard; sourceTree = "<group>"; };
		504E99591C9BEB0F0082E5C0 /* Images.xcassets */ = {isa = PBXFileReference; lastKnownFileType = folder.assetcatalog; path = Images.xcassets; sourceTree = "<group>"; };
		504E995C1C9BEB100082E5C0 /* Base */ = {isa = PBXFileReference; lastKnownFileType = file.xib; name = Base; path = Base.lproj/LaunchScreen.xib; sourceTree = "<group>"; };
		504E99621C9BEB100082E5C0 /* HomeKitPracticeZoneTests.xctest */ = {isa = PBXFileReference; explicitFileType = wrapper.cfbundle; includeInIndex = 0; path = HomeKitPracticeZoneTests.xctest; sourceTree = BUILT_PRODUCTS_DIR; };
		504E99671C9BEB100082E5C0 /* Info.plist */ = {isa = PBXFileReference; lastKnownFileType = text.plist.xml; path = Info.plist; sourceTree = "<group>"; };
		504E99681C9BEB100082E5C0 /* HomeKitPracticeZoneTests.swift */ = {isa = PBXFileReference; lastKnownFileType = sourcecode.swift; path = HomeKitPracticeZoneTests.swift; sourceTree = "<group>"; };
		504E99721C9BEB2A0082E5C0 /* HomeKitPracticeZone.entitlements */ = {isa = PBXFileReference; lastKnownFileType = text.xml; path = HomeKitPracticeZone.entitlements; sourceTree = "<group>"; };
		504E99731C9BEB2A0082E5C0 /* HomeKit.framework */ = {isa = PBXFileReference; lastKnownFileType = wrapper.framework; name = HomeKit.framework; path = System/Library/Frameworks/HomeKit.framework; sourceTree = SDKROOT; };
/* End PBXFileReference section */

/* Begin PBXFrameworksBuildPhase section */
		504E994A1C9BEB0F0082E5C0 /* Frameworks */ = {
			isa = PBXFrameworksBuildPhase;
			buildActionMask = 2147483647;
			files = (
				504E99741C9BEB2A0082E5C0 /* HomeKit.framework in Frameworks */,
			);
			runOnlyForDeploymentPostprocessing = 0;
		};
		504E995F1C9BEB100082E5C0 /* Frameworks */ = {
			isa = PBXFrameworksBuildPhase;
			buildActionMask = 2147483647;
			files = (
			);
			runOnlyForDeploymentPostprocessing = 0;
		};
/* End PBXFrameworksBuildPhase section */

/* Begin PBXGroup section */
		504E99441C9BEB0F0082E5C0 = {
			isa = PBXGroup;
			children = (
				504E99731C9BEB2A0082E5C0 /* HomeKit.framework */,
				504E994F1C9BEB0F0082E5C0 /* HomeKitPracticeZone */,
				504E99651C9BEB100082E5C0 /* HomeKitPracticeZoneTests */,
				504E994E1C9BEB0F0082E5C0 /* Products */,
			);
			sourceTree = "<group>";
		};
		504E994E1C9BEB0F0082E5C0 /* Products */ = {
			isa = PBXGroup;
			children = (
				504E994D1C9BEB0F0082E5C0 /* HomeKitPracticeZone.app */,
				504E99621C9BEB100082E5C0 /* HomeKitPracticeZoneTests.xctest */,
			);
			name = Products;
			sourceTree = "<group>";
		};
		504E994F1C9BEB0F0082E5C0 /* HomeKitPracticeZone */ = {
			isa = PBXGroup;
			children = (
				504E99721C9BEB2A0082E5C0 /* HomeKitPracticeZone.entitlements */,
				504E99521C9BEB0F0082E5C0 /* AppDelegate.swift */,
				504E99541C9BEB0F0082E5C0 /* ViewController.swift */,
				504E99561C9BEB0F0082E5C0 /* Main.storyboard */,
				504E99591C9BEB0F0082E5C0 /* Images.xcassets */,
				504E995B1C9BEB100082E5C0 /* LaunchScreen.xib */,
				504E99501C9BEB0F0082E5C0 /* Supporting Files */,
			);
			path = HomeKitPracticeZone;
			sourceTree = "<group>";
		};
		504E99501C9BEB0F0082E5C0 /* Supporting Files */ = {
			isa = PBXGroup;
			children = (
				504E99511C9BEB0F0082E5C0 /* Info.plist */,
			);
			name = "Supporting Files";
			sourceTree = "<group>";
		};
		504E99651C9BEB100082E5C0 /* HomeKitPracticeZoneTests */ = {
			isa = PBXGroup;
			children = (
				504E99681C9BEB100082E5C0 /* HomeKitPracticeZoneTests.swift */,
				504E99661C9BEB100082E5C0 /* Supporting Files */,
			);
			path = HomeKitPracticeZoneTests;
			sourceTree = "<group>";
		};
		504E99661C9BEB100082E5C0 /* Supporting Files */ = {
			isa = PBXGroup;
			children = (
				504E99671C9BEB100082E5C0 /* Info.plist */,
			);
			name = "Supporting Files";
			sourceTree = "<group>";
		};
/* End PBXGroup section */

/* Begin PBXNativeTarget section */
		504E994C1C9BEB0F0082E5C0 /* HomeKitPracticeZone */ = {
			isa = PBXNativeTarget;
			buildConfigurationList = 504E996C1C9BEB100082E5C0 /* Build configuration list for PBXNativeTarget "HomeKitPracticeZone" */;
			buildPhases = (
				504E99491C9BEB0F0082E5C0 /* Sources */,
				504E994A1C9BEB0F0082E5C0 /* Frameworks */,
				504E994B1C9BEB0F0082E5C0 /* Resources */,
			);
			buildRules = (
			);
			dependencies = (
			);
			name = HomeKitPracticeZone;
			productName = HomeKitPracticeZone;
			productReference = 504E994D1C9BEB0F0082E5C0 /* HomeKitPracticeZone.app */;
			productType = "com.apple.product-type.application";
		};
		504E99611C9BEB100082E5C0 /* HomeKitPracticeZoneTests */ = {
			isa = PBXNativeTarget;
			buildConfigurationList = 504E996F1C9BEB100082E5C0 /* Build configuration list for PBXNativeTarget "HomeKitPracticeZoneTests" */;
			buildPhases = (
				504E995E1C9BEB100082E5C0 /* Sources */,
				504E995F1C9BEB100082E5C0 /* Frameworks */,
				504E99601C9BEB100082E5C0 /* Resources */,
			);
			buildRules = (
			);
			dependencies = (
				504E99641C9BEB100082E5C0 /* PBXTargetDependency */,
			);
			name = HomeKitPracticeZoneTests;
			productName = HomeKitPracticeZoneTests;
			productReference = 504E99621C9BEB100082E5C0 /* HomeKitPracticeZoneTests.xctest */;
			productType = "com.apple.product-type.bundle.unit-test";
		};
/* End PBXNativeTarget section */

/* Begin PBXProject section */
		504E99451C9BEB0F0082E5C0 /* Project object */ = {
			isa = PBXProject;
			attributes = {
				LastUpgradeCheck = 0610;
				ORGANIZATIONNAME = Enclave;
				TargetAttributes = {
					504E994C1C9BEB0F0082E5C0 = {
						CreatedOnToolsVersion = 6.1;
						DevelopmentTeam = T23PE6R3CV;
						SystemCapabilities = {
							com.apple.HomeKit = {
								enabled = 1;
							};
						};
					};
					504E99611C9BEB100082E5C0 = {
						CreatedOnToolsVersion = 6.1;
						TestTargetID = 504E994C1C9BEB0F0082E5C0;
					};
				};
			};
			buildConfigurationList = 504E99481C9BEB0F0082E5C0 /* Build configuration list for PBXProject "HomeKitPracticeZone" */;
			compatibilityVersion = "Xcode 3.2";
			developmentRegion = English;
			hasScannedForEncodings = 0;
			knownRegions = (
				en,
				Base,
			);
			mainGroup = 504E99441C9BEB0F0082E5C0;
			productRefGroup = 504E994E1C9BEB0F0082E5C0 /* Products */;
			projectDirPath = "";
			projectRoot = "";
			targets = (
				504E994C1C9BEB0F0082E5C0 /* HomeKitPracticeZone */,
				504E99611C9BEB100082E5C0 /* HomeKitPracticeZoneTests */,
			);
		};
/* End PBXProject section */

/* Begin PBXResourcesBuildPhase section */
		504E994B1C9BEB0F0082E5C0 /* Resources */ = {
			isa = PBXResourcesBuildPhase;
			buildActionMask = 2147483647;
			files = (
				504E99581C9BEB0F0082E5C0 /* Main.storyboard in Resources */,
				504E995D1C9BEB100082E5C0 /* LaunchScreen.xib in Resources */,
				504E995A1C9BEB0F0082E5C0 /* Images.xcassets in Resources */,
			);
			runOnlyForDeploymentPostprocessing = 0;
		};
		504E99601C9BEB100082E5C0 /* Resources */ = {
			isa = PBXResourcesBuildPhase;
			buildActionMask = 2147483647;
			files = (
			);
			runOnlyForDeploymentPostprocessing = 0;
		};
/* End PBXResourcesBuildPhase section */

/* Begin PBXSourcesBuildPhase section */
		504E99491C9BEB0F0082E5C0 /* Sources */ = {
			isa = PBXSourcesBuildPhase;
			buildActionMask = 2147483647;
			files = (
				504E99551C9BEB0F0082E5C0 /* ViewController.swift in Sources */,
				504E99531C9BEB0F0082E5C0 /* AppDelegate.swift in Sources */,
			);
			runOnlyForDeploymentPostprocessing = 0;
		};
		504E995E1C9BEB100082E5C0 /* Sources */ = {
			isa = PBXSourcesBuildPhase;
			buildActionMask = 2147483647;
			files = (
				504E99691C9BEB100082E5C0 /* HomeKitPracticeZoneTests.swift in Sources */,
			);
			runOnlyForDeploymentPostprocessing = 0;
		};
/* End PBXSourcesBuildPhase section */

/* Begin PBXTargetDependency section */
		504E99641C9BEB100082E5C0 /* PBXTargetDependency */ = {
			isa = PBXTargetDependency;
			target = 504E994C1C9BEB0F0082E5C0 /* HomeKitPracticeZone */;
			targetProxy = 504E99631C9BEB100082E5C0 /* PBXContainerItemProxy */;
		};
/* End PBXTargetDependency section */

/* Begin PBXVariantGroup section */
		504E99561C9BEB0F0082E5C0 /* Main.storyboard */ = {
			isa = PBXVariantGroup;
			children = (
				504E99571C9BEB0F0082E5C0 /* Base */,
			);
			name = Main.storyboard;
			sourceTree = "<group>";
		};
		504E995B1C9BEB100082E5C0 /* LaunchScreen.xib */ = {
			isa = PBXVariantGroup;
			children = (
				504E995C1C9BEB100082E5C0 /* Base */,
			);
			name = LaunchScreen.xib;
			sourceTree = "<group>";
		};
/* End PBXVariantGroup section */

/* Begin XCBuildConfiguration section */
		504E996A1C9BEB100082E5C0 /* Debug */ = {
			isa = XCBuildConfiguration;
			buildSettings = {
				ALWAYS_SEARCH_USER_PATHS = NO;
				CLANG_CXX_LANGUAGE_STANDARD = "gnu++0x";
				CLANG_CXX_LIBRARY = "libc++";
				CLANG_ENABLE_MODULES = YES;
				CLANG_ENABLE_OBJC_ARC = YES;
				CLANG_WARN_BOOL_CONVERSION = YES;
				CLANG_WARN_CONSTANT_CONVERSION = YES;
				CLANG_WARN_DIRECT_OBJC_ISA_USAGE = YES_ERROR;
				CLANG_WARN_EMPTY_BODY = YES;
				CLANG_WARN_ENUM_CONVERSION = YES;
				CLANG_WARN_INT_CONVERSION = YES;
				CLANG_WARN_OBJC_ROOT_CLASS = YES_ERROR;
				CLANG_WARN_UNREACHABLE_CODE = YES;
				CLANG_WARN__DUPLICATE_METHOD_MATCH = YES;
				"CODE_SIGN_IDENTITY[sdk=iphoneos*]" = "iPhone Developer";
				COPY_PHASE_STRIP = NO;
				ENABLE_STRICT_OBJC_MSGSEND = YES;
				GCC_C_LANGUAGE_STANDARD = gnu99;
				GCC_DYNAMIC_NO_PIC = NO;
				GCC_OPTIMIZATION_LEVEL = 0;
				GCC_PREPROCESSOR_DEFINITIONS = (
					"DEBUG=1",
					"$(inherited)",
				);
				GCC_SYMBOLS_PRIVATE_EXTERN = NO;
				GCC_WARN_64_TO_32_BIT_CONVERSION = YES;
				GCC_WARN_ABOUT_RETURN_TYPE = YES_ERROR;
				GCC_WARN_UNDECLARED_SELECTOR = YES;
				GCC_WARN_UNINITIALIZED_AUTOS = YES_AGGRESSIVE;
				GCC_WARN_UNUSED_FUNCTION = YES;
				GCC_WARN_UNUSED_VARIABLE = YES;
				IPHONEOS_DEPLOYMENT_TARGET = 8.1;
				MTL_ENABLE_DEBUG_INFO = YES;
				ONLY_ACTIVE_ARCH = YES;
				SDKROOT = iphoneos;
				SWIFT_OPTIMIZATION_LEVEL = "-Onone";
			};
			name = Debug;
		};
		504E996B1C9BEB100082E5C0 /* Release */ = {
			isa = XCBuildConfiguration;
			buildSettings = {
				ALWAYS_SEARCH_USER_PATHS = NO;
				CLANG_CXX_LANGUAGE_STANDARD = "gnu++0x";
				CLANG_CXX_LIBRARY = "libc++";
				CLANG_ENABLE_MODULES = YES;
				CLANG_ENABLE_OBJC_ARC = YES;
				CLANG_WARN_BOOL_CONVERSION = YES;
				CLANG_WARN_CONSTANT_CONVERSION = YES;
				CLANG_WARN_DIRECT_OBJC_ISA_USAGE = YES_ERROR;
				CLANG_WARN_EMPTY_BODY = YES;
				CLANG_WARN_ENUM_CONVERSION = YES;
				CLANG_WARN_INT_CONVERSION = YES;
				CLANG_WARN_OBJC_ROOT_CLASS = YES_ERROR;
				CLANG_WARN_UNREACHABLE_CODE = YES;
				CLANG_WARN__DUPLICATE_METHOD_MATCH = YES;
				"CODE_SIGN_IDENTITY[sdk=iphoneos*]" = "iPhone Developer";
				COPY_PHASE_STRIP = YES;
				ENABLE_NS_ASSERTIONS = NO;
				ENABLE_STRICT_OBJC_MSGSEND = YES;
				GCC_C_LANGUAGE_STANDARD = gnu99;
				GCC_WARN_64_TO_32_BIT_CONVERSION = YES;
				GCC_WARN_ABOUT_RETURN_TYPE = YES_ERROR;
				GCC_WARN_UNDECLARED_SELECTOR = YES;
				GCC_WARN_UNINITIALIZED_AUTOS = YES_AGGRESSIVE;
				GCC_WARN_UNUSED_FUNCTION = YES;
				GCC_WARN_UNUSED_VARIABLE = YES;
				IPHONEOS_DEPLOYMENT_TARGET = 8.1;
				MTL_ENABLE_DEBUG_INFO = NO;
				SDKROOT = iphoneos;
				VALIDATE_PRODUCT = YES;
			};
			name = Release;
		};
		504E996D1C9BEB100082E5C0 /* Debug */ = {
			isa = XCBuildConfiguration;
			buildSettings = {
				ASSETCATALOG_COMPILER_APPICON_NAME = AppIcon;
				CODE_SIGN_ENTITLEMENTS = HomeKitPracticeZone/HomeKitPracticeZone.entitlements;
				CODE_SIGN_IDENTITY = "iPhone Developer";
				"CODE_SIGN_IDENTITY[sdk=iphoneos*]" = "iPhone Developer";
				INFOPLIST_FILE = HomeKitPracticeZone/Info.plist;
				LD_RUNPATH_SEARCH_PATHS = "$(inherited) @executable_path/Frameworks";
				PRODUCT_NAME = "$(TARGET_NAME)";
				PROVISIONING_PROFILE = "";
			};
			name = Debug;
		};
		504E996E1C9BEB100082E5C0 /* Release */ = {
			isa = XCBuildConfiguration;
			buildSettings = {
				ASSETCATALOG_COMPILER_APPICON_NAME = AppIcon;
				CODE_SIGN_ENTITLEMENTS = HomeKitPracticeZone/HomeKitPracticeZone.entitlements;
				CODE_SIGN_IDENTITY = "iPhone Developer";
				"CODE_SIGN_IDENTITY[sdk=iphoneos*]" = "iPhone Developer";
				INFOPLIST_FILE = HomeKitPracticeZone/Info.plist;
				LD_RUNPATH_SEARCH_PATHS = "$(inherited) @executable_path/Frameworks";
				PRODUCT_NAME = "$(TARGET_NAME)";
				PROVISIONING_PROFILE = "";
			};
			name = Release;
		};
		504E99701C9BEB100082E5C0 /* Debug */ = {
			isa = XCBuildConfiguration;
			buildSettings = {
				BUNDLE_LOADER = "$(TEST_HOST)";
				FRAMEWORK_SEARCH_PATHS = (
					"$(SDKROOT)/Developer/Library/Frameworks",
					"$(inherited)",
				);
				GCC_PREPROCESSOR_DEFINITIONS = (
					"DEBUG=1",
					"$(inherited)",
				);
				INFOPLIST_FILE = HomeKitPracticeZoneTests/Info.plist;
				LD_RUNPATH_SEARCH_PATHS = "$(inherited) @executable_path/Frameworks @loader_path/Frameworks";
				PRODUCT_NAME = "$(TARGET_NAME)";
				TEST_HOST = "$(BUILT_PRODUCTS_DIR)/HomeKitPracticeZone.app/HomeKitPracticeZone";
			};
			name = Debug;
		};
		504E99711C9BEB100082E5C0 /* Release */ = {
			isa = XCBuildConfiguration;
			buildSettings = {
				BUNDLE_LOADER = "$(TEST_HOST)";
				FRAMEWORK_SEARCH_PATHS = (
					"$(SDKROOT)/Developer/Library/Frameworks",
					"$(inherited)",
				);
				INFOPLIST_FILE = HomeKitPracticeZoneTests/Info.plist;
				LD_RUNPATH_SEARCH_PATHS = "$(inherited) @executable_path/Frameworks @loader_path/Frameworks";
				PRODUCT_NAME = "$(TARGET_NAME)";
				TEST_HOST = "$(BUILT_PRODUCTS_DIR)/HomeKitPracticeZone.app/HomeKitPracticeZone";
			};
			name = Release;
		};
/* End XCBuildConfiguration section */

/* Begin XCConfigurationList section */
		504E99481C9BEB0F0082E5C0 /* Build configuration list for PBXProject "HomeKitPracticeZone" */ = {
			isa = XCConfigurationList;
			buildConfigurations = (
				504E996A1C9BEB100082E5C0 /* Debug */,
				504E996B1C9BEB100082E5C0 /* Release */,
			);
			defaultConfigurationIsVisible = 0;
			defaultConfigurationName = Release;
		};
		504E996C1C9BEB100082E5C0 /* Build configuration list for PBXNativeTarget "HomeKitPracticeZone" */ = {
			isa = XCConfigurationList;
			buildConfigurations = (
				504E996D1C9BEB100082E5C0 /* Debug */,
				504E996E1C9BEB100082E5C0 /* Release */,
			);
			defaultConfigurationIsVisible = 0;
		};
		504E996F1C9BEB100082E5C0 /* Build configuration list for PBXNativeTarget "HomeKitPracticeZoneTests" */ = {
			isa = XCConfigurationList;
			buildConfigurations = (
				504E99701C9BEB100082E5C0 /* Debug */,
				504E99711C9BEB100082E5C0 /* Release */,
			);
			defaultConfigurationIsVisible = 0;
		};
/* End XCConfigurationList section */
	};
	rootObject = 504E99451C9BEB0F0082E5C0 /* Project object */;
}
